
Microsoft Visual Studio Solution File, Format Version 12.00
# Visual Studio 14
VisualStudioVersion = 14.0.23107.0
MinimumVisualStudioVersion = 10.0.40219.1
Project("{8BC9CEB8-8B4A-11D0-8D11-00A0C91BC942}") = "BuildAssets", "Code\Game\BuildAssets\BuildAssets.vcxproj", "{3670C64E-AAA0-4056-BF89-744D0276F609}"
	ProjectSection(ProjectDependencies) = postProject
		{ABF804FE-993A-43E2-A242-F3090A290B12} = {ABF804FE-993A-43E2-A242-F3090A290B12}
	EndProjectSection
EndProject
Project("{8BC9CEB8-8B4A-11D0-8D11-00A0C91BC942}") = "AssetBuilder", "Code\Tools\AssetBuilder\AssetBuilder.vcxproj", "{ABF804FE-993A-43E2-A242-F3090A290B12}"
	ProjectSection(ProjectDependencies) = postProject
		{EC809270-CE46-4204-A0F7-F88A6A4732E9} = {EC809270-CE46-4204-A0F7-F88A6A4732E9}
		{C9BDAC7C-C59A-4367-A21D-0FEDABB93012} = {C9BDAC7C-C59A-4367-A21D-0FEDABB93012}
		{920AF896-EACE-47A6-A501-CD63D95B92C1} = {920AF896-EACE-47A6-A501-CD63D95B92C1}
		{1E6B539B-A36E-4012-ABFA-EB4A59D7B71F} = {1E6B539B-A36E-4012-ABFA-EB4A59D7B71F}
		{D698729B-793C-418A-BA25-BE6AD0D4264B} = {D698729B-793C-418A-BA25-BE6AD0D4264B}
		{DFF62A9D-8804-4335-B623-C40E05CB345A} = {DFF62A9D-8804-4335-B623-C40E05CB345A}
		{DE18299E-57DD-420A-9219-31BCCE5A5BC0} = {DE18299E-57DD-420A-9219-31BCCE5A5BC0}
		{5F8004A7-75AD-49AC-85C7-96D9B9F19533} = {5F8004A7-75AD-49AC-85C7-96D9B9F19533}
		{8BFEBAB8-15F8-46A3-BA98-0398938AC1FD} = {8BFEBAB8-15F8-46A3-BA98-0398938AC1FD}
		{45CDCFF0-7F57-457F-9706-C3C15E7EA597} = {45CDCFF0-7F57-457F-9706-C3C15E7EA597}
	EndProjectSection
EndProject
Project("{2150E333-8FDC-42A3-9474-1A3956D46DE8}") = "Engine", "Engine", "{2B90848D-8010-4516-8CB3-08E8C97CB6F5}"
EndProject
Project("{2150E333-8FDC-42A3-9474-1A3956D46DE8}") = "Game", "Game", "{655724DB-F827-43EB-B80C-F196780F0ABB}"
EndProject
Project("{2150E333-8FDC-42A3-9474-1A3956D46DE8}") = "Tools", "Tools", "{FB8F73B2-635F-43A6-8170-DB5F06B3C6DF}"
EndProject
Project("{8BC9CEB8-8B4A-11D0-8D11-00A0C91BC942}") = "Graphics", "Code\Engine\Graphics\Graphics.vcxproj", "{3A6E300E-0AE7-44E3-A687-F815F75476EE}"
	ProjectSection(ProjectDependencies) = postProject
		{06F00F02-D352-44A1-B42B-B5C2CEB2567A} = {06F00F02-D352-44A1-B42B-B5C2CEB2567A}
		{4E8A9907-5BC0-415F-8C36-C8DC9026CD83} = {4E8A9907-5BC0-415F-8C36-C8DC9026CD83}
		{3670C64E-AAA0-4056-BF89-744D0276F609} = {3670C64E-AAA0-4056-BF89-744D0276F609}
		{B6BC0082-C4EF-4B54-9247-6C5FF414FF2A} = {B6BC0082-C4EF-4B54-9247-6C5FF414FF2A}
		{8BFEBAB8-15F8-46A3-BA98-0398938AC1FD} = {8BFEBAB8-15F8-46A3-BA98-0398938AC1FD}
		{45CDCFF0-7F57-457F-9706-C3C15E7EA597} = {45CDCFF0-7F57-457F-9706-C3C15E7EA597}
	EndProjectSection
EndProject
Project("{8BC9CEB8-8B4A-11D0-8D11-00A0C91BC942}") = "Windows", "Code\Engine\Windows\Windows.vcxproj", "{8BFEBAB8-15F8-46A3-BA98-0398938AC1FD}"
EndProject
Project("{2150E333-8FDC-42A3-9474-1A3956D46DE8}") = "External", "External", "{144754F2-4C67-4EE4-8770-DCFF32EB87DA}"
EndProject
Project("{8BC9CEB8-8B4A-11D0-8D11-00A0C91BC942}") = "OpenGlExtensions", "Code\External\OpenGlExtensions\OpenGlExtensions.vcxproj", "{B6BC0082-C4EF-4B54-9247-6C5FF414FF2A}"
	ProjectSection(ProjectDependencies) = postProject
		{8BFEBAB8-15F8-46A3-BA98-0398938AC1FD} = {8BFEBAB8-15F8-46A3-BA98-0398938AC1FD}
	EndProjectSection
EndProject
Project("{8BC9CEB8-8B4A-11D0-8D11-00A0C91BC942}") = "UserOutput", "Code\Engine\UserOutput\UserOutput.vcxproj", "{4E8A9907-5BC0-415F-8C36-C8DC9026CD83}"
EndProject
Project("{8BC9CEB8-8B4A-11D0-8D11-00A0C91BC942}") = "Game", "Code\Game\Game\WindowsProgram.vcxproj", "{433FF686-9527-4C97-8EF4-060152A428B5}"
	ProjectSection(ProjectDependencies) = postProject
		{06F00F02-D352-44A1-B42B-B5C2CEB2567A} = {06F00F02-D352-44A1-B42B-B5C2CEB2567A}
		{3A6E300E-0AE7-44E3-A687-F815F75476EE} = {3A6E300E-0AE7-44E3-A687-F815F75476EE}
		{552B2876-037A-4A14-8E5B-D73907DF5322} = {552B2876-037A-4A14-8E5B-D73907DF5322}
		{136761E4-C684-4AFF-BF27-E946FCF006A1} = {136761E4-C684-4AFF-BF27-E946FCF006A1}
	EndProjectSection
EndProject
Project("{8BC9CEB8-8B4A-11D0-8D11-00A0C91BC942}") = "Lua", "Code\External\Lua\Lua.vcxproj", "{45CDCFF0-7F57-457F-9706-C3C15E7EA597}"
EndProject
Project("{8BC9CEB8-8B4A-11D0-8D11-00A0C91BC942}") = "LuaC", "Code\External\Lua\LuaC.vcxproj", "{393119AF-5F33-4130-9BE8-8A59EEBED07E}"
	ProjectSection(ProjectDependencies) = postProject
		{45CDCFF0-7F57-457F-9706-C3C15E7EA597} = {45CDCFF0-7F57-457F-9706-C3C15E7EA597}
	EndProjectSection
EndProject
Project("{8BC9CEB8-8B4A-11D0-8D11-00A0C91BC942}") = "LuaExe", "Code\External\Lua\LuaExe.vcxproj", "{9653A255-0309-403F-9193-DE569343011F}"
	ProjectSection(ProjectDependencies) = postProject
		{45CDCFF0-7F57-457F-9706-C3C15E7EA597} = {45CDCFF0-7F57-457F-9706-C3C15E7EA597}
	EndProjectSection
EndProject
Project("{2150E333-8FDC-42A3-9474-1A3956D46DE8}") = "Scripts", "Scripts", "{BBC8B49A-8E82-424A-9799-61BABADC9923}"
	ProjectSection(SolutionItems) = preProject
		Scripts\AssetsToBuild.lua = Scripts\AssetsToBuild.lua
		Scripts\BuildAssets.lua = Scripts\BuildAssets.lua
	EndProjectSection
EndProject
Project("{8BC9CEB8-8B4A-11D0-8D11-00A0C91BC942}") = "BuilderHelper", "Code\Tools\BuilderHelper\BuilderHelper.vcxproj", "{5F8004A7-75AD-49AC-85C7-96D9B9F19533}"
EndProject
Project("{8BC9CEB8-8B4A-11D0-8D11-00A0C91BC942}") = "GenericBuilder", "Code\Tools\GenericBuilder\GenericBuilder.vcxproj", "{C9BDAC7C-C59A-4367-A21D-0FEDABB93012}"
	ProjectSection(ProjectDependencies) = postProject
		{5F8004A7-75AD-49AC-85C7-96D9B9F19533} = {5F8004A7-75AD-49AC-85C7-96D9B9F19533}
		{8BFEBAB8-15F8-46A3-BA98-0398938AC1FD} = {8BFEBAB8-15F8-46A3-BA98-0398938AC1FD}
		{45CDCFF0-7F57-457F-9706-C3C15E7EA597} = {45CDCFF0-7F57-457F-9706-C3C15E7EA597}
	EndProjectSection
EndProject
Project("{8BC9CEB8-8B4A-11D0-8D11-00A0C91BC942}") = "MeshBuilder", "Code\Tools\MeshBuilder\MeshBuilder.vcxproj", "{DFF62A9D-8804-4335-B623-C40E05CB345A}"
	ProjectSection(ProjectDependencies) = postProject
		{5F8004A7-75AD-49AC-85C7-96D9B9F19533} = {5F8004A7-75AD-49AC-85C7-96D9B9F19533}
		{8BFEBAB8-15F8-46A3-BA98-0398938AC1FD} = {8BFEBAB8-15F8-46A3-BA98-0398938AC1FD}
		{45CDCFF0-7F57-457F-9706-C3C15E7EA597} = {45CDCFF0-7F57-457F-9706-C3C15E7EA597}
	EndProjectSection
EndProject
Project("{8BC9CEB8-8B4A-11D0-8D11-00A0C91BC942}") = "Math", "Code\Engine\Math\Math.vcxproj", "{06F00F02-D352-44A1-B42B-B5C2CEB2567A}"
EndProject
Project("{8BC9CEB8-8B4A-11D0-8D11-00A0C91BC942}") = "UserInput", "Code\Engine\UserInput\UserInput.vcxproj", "{552B2876-037A-4A14-8E5B-D73907DF5322}"
EndProject
Project("{8BC9CEB8-8B4A-11D0-8D11-00A0C91BC942}") = "Time", "Code\Engine\Time\Time.vcxproj", "{136761E4-C684-4AFF-BF27-E946FCF006A1}"
	ProjectSection(ProjectDependencies) = postProject
		{8BFEBAB8-15F8-46A3-BA98-0398938AC1FD} = {8BFEBAB8-15F8-46A3-BA98-0398938AC1FD}
	EndProjectSection
EndProject
Project("{8BC9CEB8-8B4A-11D0-8D11-00A0C91BC942}") = "EffectBuilder", "Code\Tools\EffectBuilder\EffectBuilder.vcxproj", "{920AF896-EACE-47A6-A501-CD63D95B92C1}"
	ProjectSection(ProjectDependencies) = postProject
		{5F8004A7-75AD-49AC-85C7-96D9B9F19533} = {5F8004A7-75AD-49AC-85C7-96D9B9F19533}
		{8BFEBAB8-15F8-46A3-BA98-0398938AC1FD} = {8BFEBAB8-15F8-46A3-BA98-0398938AC1FD}
		{45CDCFF0-7F57-457F-9706-C3C15E7EA597} = {45CDCFF0-7F57-457F-9706-C3C15E7EA597}
	EndProjectSection
EndProject
Project("{8BC9CEB8-8B4A-11D0-8D11-00A0C91BC942}") = "Mcpp", "Code\External\Mcpp\Mcpp.vcxproj", "{4228BC52-904F-4BA2-B78E-7BCB85068A82}"
EndProject
Project("{8BC9CEB8-8B4A-11D0-8D11-00A0C91BC942}") = "FragmentShaderBuilder", "Code\Tools\FragmentShaderBuilder\FragmentShaderBuilder.vcxproj", "{EC809270-CE46-4204-A0F7-F88A6A4732E9}"
	ProjectSection(ProjectDependencies) = postProject
		{4228BC52-904F-4BA2-B78E-7BCB85068A82} = {4228BC52-904F-4BA2-B78E-7BCB85068A82}
		{5F8004A7-75AD-49AC-85C7-96D9B9F19533} = {5F8004A7-75AD-49AC-85C7-96D9B9F19533}
		{8BFEBAB8-15F8-46A3-BA98-0398938AC1FD} = {8BFEBAB8-15F8-46A3-BA98-0398938AC1FD}
	EndProjectSection
EndProject
Project("{8BC9CEB8-8B4A-11D0-8D11-00A0C91BC942}") = "VertexShaderBuilder", "Code\Tools\VertexShaderBuilder\VertexShaderBuilder.vcxproj", "{1E6B539B-A36E-4012-ABFA-EB4A59D7B71F}"
	ProjectSection(ProjectDependencies) = postProject
		{4228BC52-904F-4BA2-B78E-7BCB85068A82} = {4228BC52-904F-4BA2-B78E-7BCB85068A82}
		{5F8004A7-75AD-49AC-85C7-96D9B9F19533} = {5F8004A7-75AD-49AC-85C7-96D9B9F19533}
		{8BFEBAB8-15F8-46A3-BA98-0398938AC1FD} = {8BFEBAB8-15F8-46A3-BA98-0398938AC1FD}
	EndProjectSection
EndProject
Project("{8BC9CEB8-8B4A-11D0-8D11-00A0C91BC942}") = "MayaMeshExporter", "Code\Tools\MayaMeshExporter\MayaMeshExporter.vcxproj", "{70B81970-5665-4429-B2B2-7F6FCED5AB84}"
EndProject
Project("{8BC9CEB8-8B4A-11D0-8D11-00A0C91BC942}") = "MaterialBuilder", "Code\Tools\MaterialBuilder\MaterialBuilder.vcxproj", "{D698729B-793C-418A-BA25-BE6AD0D4264B}"
	ProjectSection(ProjectDependencies) = postProject
		{5F8004A7-75AD-49AC-85C7-96D9B9F19533} = {5F8004A7-75AD-49AC-85C7-96D9B9F19533}
		{8BFEBAB8-15F8-46A3-BA98-0398938AC1FD} = {8BFEBAB8-15F8-46A3-BA98-0398938AC1FD}
		{45CDCFF0-7F57-457F-9706-C3C15E7EA597} = {45CDCFF0-7F57-457F-9706-C3C15E7EA597}
	EndProjectSection
EndProject
Project("{8BC9CEB8-8B4A-11D0-8D11-00A0C91BC942}") = "TextureBuilder", "Code\Tools\TextureBuilder\TextureBuilder.vcxproj", "{DE18299E-57DD-420A-9219-31BCCE5A5BC0}"
	ProjectSection(ProjectDependencies) = postProject
		{5F8004A7-75AD-49AC-85C7-96D9B9F19533} = {5F8004A7-75AD-49AC-85C7-96D9B9F19533}
		{8BFEBAB8-15F8-46A3-BA98-0398938AC1FD} = {8BFEBAB8-15F8-46A3-BA98-0398938AC1FD}
		{45CDCFF0-7F57-457F-9706-C3C15E7EA597} = {45CDCFF0-7F57-457F-9706-C3C15E7EA597}
	EndProjectSection
EndProject
Global
	GlobalSection(SolutionConfigurationPlatforms) = preSolution
		Debug|Direct3D_64 = Debug|Direct3D_64
		Debug|OpenGL_32 = Debug|OpenGL_32
		Release|Direct3D_64 = Release|Direct3D_64
		Release|OpenGL_32 = Release|OpenGL_32
	EndGlobalSection
	GlobalSection(ProjectConfigurationPlatforms) = postSolution
		{3670C64E-AAA0-4056-BF89-744D0276F609}.Debug|Direct3D_64.ActiveCfg = Debug|x64
		{3670C64E-AAA0-4056-BF89-744D0276F609}.Debug|Direct3D_64.Build.0 = Debug|x64
		{3670C64E-AAA0-4056-BF89-744D0276F609}.Debug|OpenGL_32.ActiveCfg = Debug|Win32
		{3670C64E-AAA0-4056-BF89-744D0276F609}.Debug|OpenGL_32.Build.0 = Debug|Win32
		{3670C64E-AAA0-4056-BF89-744D0276F609}.Release|Direct3D_64.ActiveCfg = Release|x64
		{3670C64E-AAA0-4056-BF89-744D0276F609}.Release|Direct3D_64.Build.0 = Release|x64
		{3670C64E-AAA0-4056-BF89-744D0276F609}.Release|OpenGL_32.ActiveCfg = Release|Win32
		{3670C64E-AAA0-4056-BF89-744D0276F609}.Release|OpenGL_32.Build.0 = Release|Win32
		{ABF804FE-993A-43E2-A242-F3090A290B12}.Debug|Direct3D_64.ActiveCfg = Debug|x64
		{ABF804FE-993A-43E2-A242-F3090A290B12}.Debug|Direct3D_64.Build.0 = Debug|x64
		{ABF804FE-993A-43E2-A242-F3090A290B12}.Debug|OpenGL_32.ActiveCfg = Debug|Win32
		{ABF804FE-993A-43E2-A242-F3090A290B12}.Debug|OpenGL_32.Build.0 = Debug|Win32
		{ABF804FE-993A-43E2-A242-F3090A290B12}.Release|Direct3D_64.ActiveCfg = Release|x64
		{ABF804FE-993A-43E2-A242-F3090A290B12}.Release|Direct3D_64.Build.0 = Release|x64
		{ABF804FE-993A-43E2-A242-F3090A290B12}.Release|OpenGL_32.ActiveCfg = Release|Win32
		{ABF804FE-993A-43E2-A242-F3090A290B12}.Release|OpenGL_32.Build.0 = Release|Win32
		{3A6E300E-0AE7-44E3-A687-F815F75476EE}.Debug|Direct3D_64.ActiveCfg = Debug|x64
		{3A6E300E-0AE7-44E3-A687-F815F75476EE}.Debug|Direct3D_64.Build.0 = Debug|x64
		{3A6E300E-0AE7-44E3-A687-F815F75476EE}.Debug|OpenGL_32.ActiveCfg = Debug|Win32
		{3A6E300E-0AE7-44E3-A687-F815F75476EE}.Debug|OpenGL_32.Build.0 = Debug|Win32
		{3A6E300E-0AE7-44E3-A687-F815F75476EE}.Release|Direct3D_64.ActiveCfg = Release|x64
		{3A6E300E-0AE7-44E3-A687-F815F75476EE}.Release|Direct3D_64.Build.0 = Release|x64
		{3A6E300E-0AE7-44E3-A687-F815F75476EE}.Release|OpenGL_32.ActiveCfg = Release|Win32
		{3A6E300E-0AE7-44E3-A687-F815F75476EE}.Release|OpenGL_32.Build.0 = Release|Win32
		{8BFEBAB8-15F8-46A3-BA98-0398938AC1FD}.Debug|Direct3D_64.ActiveCfg = Debug|x64
		{8BFEBAB8-15F8-46A3-BA98-0398938AC1FD}.Debug|Direct3D_64.Build.0 = Debug|x64
		{8BFEBAB8-15F8-46A3-BA98-0398938AC1FD}.Debug|OpenGL_32.ActiveCfg = Debug|Win32
		{8BFEBAB8-15F8-46A3-BA98-0398938AC1FD}.Debug|OpenGL_32.Build.0 = Debug|Win32
		{8BFEBAB8-15F8-46A3-BA98-0398938AC1FD}.Release|Direct3D_64.ActiveCfg = Release|x64
		{8BFEBAB8-15F8-46A3-BA98-0398938AC1FD}.Release|Direct3D_64.Build.0 = Release|x64
		{8BFEBAB8-15F8-46A3-BA98-0398938AC1FD}.Release|OpenGL_32.ActiveCfg = Release|Win32
		{8BFEBAB8-15F8-46A3-BA98-0398938AC1FD}.Release|OpenGL_32.Build.0 = Release|Win32
		{B6BC0082-C4EF-4B54-9247-6C5FF414FF2A}.Debug|Direct3D_64.ActiveCfg = Debug|x64
		{B6BC0082-C4EF-4B54-9247-6C5FF414FF2A}.Debug|OpenGL_32.ActiveCfg = Debug|Win32
		{B6BC0082-C4EF-4B54-9247-6C5FF414FF2A}.Debug|OpenGL_32.Build.0 = Debug|Win32
		{B6BC0082-C4EF-4B54-9247-6C5FF414FF2A}.Release|Direct3D_64.ActiveCfg = Release|x64
		{B6BC0082-C4EF-4B54-9247-6C5FF414FF2A}.Release|OpenGL_32.ActiveCfg = Release|Win32
		{B6BC0082-C4EF-4B54-9247-6C5FF414FF2A}.Release|OpenGL_32.Build.0 = Release|Win32
		{4E8A9907-5BC0-415F-8C36-C8DC9026CD83}.Debug|Direct3D_64.ActiveCfg = Debug|x64
		{4E8A9907-5BC0-415F-8C36-C8DC9026CD83}.Debug|Direct3D_64.Build.0 = Debug|x64
		{4E8A9907-5BC0-415F-8C36-C8DC9026CD83}.Debug|OpenGL_32.ActiveCfg = Debug|Win32
		{4E8A9907-5BC0-415F-8C36-C8DC9026CD83}.Debug|OpenGL_32.Build.0 = Debug|Win32
		{4E8A9907-5BC0-415F-8C36-C8DC9026CD83}.Release|Direct3D_64.ActiveCfg = Release|x64
		{4E8A9907-5BC0-415F-8C36-C8DC9026CD83}.Release|Direct3D_64.Build.0 = Release|x64
		{4E8A9907-5BC0-415F-8C36-C8DC9026CD83}.Release|OpenGL_32.ActiveCfg = Release|Win32
		{4E8A9907-5BC0-415F-8C36-C8DC9026CD83}.Release|OpenGL_32.Build.0 = Release|Win32
		{433FF686-9527-4C97-8EF4-060152A428B5}.Debug|Direct3D_64.ActiveCfg = Debug|x64
		{433FF686-9527-4C97-8EF4-060152A428B5}.Debug|Direct3D_64.Build.0 = Debug|x64
		{433FF686-9527-4C97-8EF4-060152A428B5}.Debug|OpenGL_32.ActiveCfg = Debug|Win32
		{433FF686-9527-4C97-8EF4-060152A428B5}.Debug|OpenGL_32.Build.0 = Debug|Win32
		{433FF686-9527-4C97-8EF4-060152A428B5}.Release|Direct3D_64.ActiveCfg = Release|x64
		{433FF686-9527-4C97-8EF4-060152A428B5}.Release|Direct3D_64.Build.0 = Release|x64
		{433FF686-9527-4C97-8EF4-060152A428B5}.Release|OpenGL_32.ActiveCfg = Release|Win32
		{433FF686-9527-4C97-8EF4-060152A428B5}.Release|OpenGL_32.Build.0 = Release|Win32
		{45CDCFF0-7F57-457F-9706-C3C15E7EA597}.Debug|Direct3D_64.ActiveCfg = Debug|x64
		{45CDCFF0-7F57-457F-9706-C3C15E7EA597}.Debug|Direct3D_64.Build.0 = Debug|x64
		{45CDCFF0-7F57-457F-9706-C3C15E7EA597}.Debug|OpenGL_32.ActiveCfg = Debug|Win32
		{45CDCFF0-7F57-457F-9706-C3C15E7EA597}.Debug|OpenGL_32.Build.0 = Debug|Win32
		{45CDCFF0-7F57-457F-9706-C3C15E7EA597}.Release|Direct3D_64.ActiveCfg = Release|x64
		{45CDCFF0-7F57-457F-9706-C3C15E7EA597}.Release|Direct3D_64.Build.0 = Release|x64
		{45CDCFF0-7F57-457F-9706-C3C15E7EA597}.Release|OpenGL_32.ActiveCfg = Release|Win32
		{45CDCFF0-7F57-457F-9706-C3C15E7EA597}.Release|OpenGL_32.Build.0 = Release|Win32
		{393119AF-5F33-4130-9BE8-8A59EEBED07E}.Debug|Direct3D_64.ActiveCfg = Debug|x64
		{393119AF-5F33-4130-9BE8-8A59EEBED07E}.Debug|Direct3D_64.Build.0 = Debug|x64
		{393119AF-5F33-4130-9BE8-8A59EEBED07E}.Debug|OpenGL_32.ActiveCfg = Debug|Win32
		{393119AF-5F33-4130-9BE8-8A59EEBED07E}.Debug|OpenGL_32.Build.0 = Debug|Win32
		{393119AF-5F33-4130-9BE8-8A59EEBED07E}.Release|Direct3D_64.ActiveCfg = Release|x64
		{393119AF-5F33-4130-9BE8-8A59EEBED07E}.Release|Direct3D_64.Build.0 = Release|x64
		{393119AF-5F33-4130-9BE8-8A59EEBED07E}.Release|OpenGL_32.ActiveCfg = Release|Win32
		{393119AF-5F33-4130-9BE8-8A59EEBED07E}.Release|OpenGL_32.Build.0 = Release|Win32
		{9653A255-0309-403F-9193-DE569343011F}.Debug|Direct3D_64.ActiveCfg = Debug|x64
		{9653A255-0309-403F-9193-DE569343011F}.Debug|Direct3D_64.Build.0 = Debug|x64
		{9653A255-0309-403F-9193-DE569343011F}.Debug|OpenGL_32.ActiveCfg = Debug|Win32
		{9653A255-0309-403F-9193-DE569343011F}.Debug|OpenGL_32.Build.0 = Debug|Win32
		{9653A255-0309-403F-9193-DE569343011F}.Release|Direct3D_64.ActiveCfg = Release|x64
		{9653A255-0309-403F-9193-DE569343011F}.Release|Direct3D_64.Build.0 = Release|x64
		{9653A255-0309-403F-9193-DE569343011F}.Release|OpenGL_32.ActiveCfg = Release|Win32
		{9653A255-0309-403F-9193-DE569343011F}.Release|OpenGL_32.Build.0 = Release|Win32
		{5F8004A7-75AD-49AC-85C7-96D9B9F19533}.Debug|Direct3D_64.ActiveCfg = Debug|x64
		{5F8004A7-75AD-49AC-85C7-96D9B9F19533}.Debug|Direct3D_64.Build.0 = Debug|x64
		{5F8004A7-75AD-49AC-85C7-96D9B9F19533}.Debug|OpenGL_32.ActiveCfg = Debug|Win32
		{5F8004A7-75AD-49AC-85C7-96D9B9F19533}.Debug|OpenGL_32.Build.0 = Debug|Win32
		{5F8004A7-75AD-49AC-85C7-96D9B9F19533}.Release|Direct3D_64.ActiveCfg = Release|x64
		{5F8004A7-75AD-49AC-85C7-96D9B9F19533}.Release|Direct3D_64.Build.0 = Release|x64
		{5F8004A7-75AD-49AC-85C7-96D9B9F19533}.Release|OpenGL_32.ActiveCfg = Release|Win32
		{5F8004A7-75AD-49AC-85C7-96D9B9F19533}.Release|OpenGL_32.Build.0 = Release|Win32
		{C9BDAC7C-C59A-4367-A21D-0FEDABB93012}.Debug|Direct3D_64.ActiveCfg = Debug|x64
		{C9BDAC7C-C59A-4367-A21D-0FEDABB93012}.Debug|Direct3D_64.Build.0 = Debug|x64
		{C9BDAC7C-C59A-4367-A21D-0FEDABB93012}.Debug|OpenGL_32.ActiveCfg = Debug|Win32
		{C9BDAC7C-C59A-4367-A21D-0FEDABB93012}.Debug|OpenGL_32.Build.0 = Debug|Win32
		{C9BDAC7C-C59A-4367-A21D-0FEDABB93012}.Release|Direct3D_64.ActiveCfg = Release|x64
		{C9BDAC7C-C59A-4367-A21D-0FEDABB93012}.Release|Direct3D_64.Build.0 = Release|x64
		{C9BDAC7C-C59A-4367-A21D-0FEDABB93012}.Release|OpenGL_32.ActiveCfg = Release|Win32
		{C9BDAC7C-C59A-4367-A21D-0FEDABB93012}.Release|OpenGL_32.Build.0 = Release|Win32
		{DFF62A9D-8804-4335-B623-C40E05CB345A}.Debug|Direct3D_64.ActiveCfg = Debug|x64
		{DFF62A9D-8804-4335-B623-C40E05CB345A}.Debug|Direct3D_64.Build.0 = Debug|x64
		{DFF62A9D-8804-4335-B623-C40E05CB345A}.Debug|OpenGL_32.ActiveCfg = Debug|Win32
		{DFF62A9D-8804-4335-B623-C40E05CB345A}.Debug|OpenGL_32.Build.0 = Debug|Win32
		{DFF62A9D-8804-4335-B623-C40E05CB345A}.Release|Direct3D_64.ActiveCfg = Release|x64
		{DFF62A9D-8804-4335-B623-C40E05CB345A}.Release|Direct3D_64.Build.0 = Release|x64
		{DFF62A9D-8804-4335-B623-C40E05CB345A}.Release|OpenGL_32.ActiveCfg = Release|Win32
		{DFF62A9D-8804-4335-B623-C40E05CB345A}.Release|OpenGL_32.Build.0 = Release|Win32
		{06F00F02-D352-44A1-B42B-B5C2CEB2567A}.Debug|Direct3D_64.ActiveCfg = Debug|x64
		{06F00F02-D352-44A1-B42B-B5C2CEB2567A}.Debug|Direct3D_64.Build.0 = Debug|x64
		{06F00F02-D352-44A1-B42B-B5C2CEB2567A}.Debug|OpenGL_32.ActiveCfg = Debug|Win32
		{06F00F02-D352-44A1-B42B-B5C2CEB2567A}.Debug|OpenGL_32.Build.0 = Debug|Win32
		{06F00F02-D352-44A1-B42B-B5C2CEB2567A}.Release|Direct3D_64.ActiveCfg = Release|x64
		{06F00F02-D352-44A1-B42B-B5C2CEB2567A}.Release|Direct3D_64.Build.0 = Release|x64
		{06F00F02-D352-44A1-B42B-B5C2CEB2567A}.Release|OpenGL_32.ActiveCfg = Release|Win32
		{06F00F02-D352-44A1-B42B-B5C2CEB2567A}.Release|OpenGL_32.Build.0 = Release|Win32
		{552B2876-037A-4A14-8E5B-D73907DF5322}.Debug|Direct3D_64.ActiveCfg = Debug|x64
		{552B2876-037A-4A14-8E5B-D73907DF5322}.Debug|Direct3D_64.Build.0 = Debug|x64
		{552B2876-037A-4A14-8E5B-D73907DF5322}.Debug|OpenGL_32.ActiveCfg = Debug|Win32
		{552B2876-037A-4A14-8E5B-D73907DF5322}.Debug|OpenGL_32.Build.0 = Debug|Win32
		{552B2876-037A-4A14-8E5B-D73907DF5322}.Release|Direct3D_64.ActiveCfg = Release|x64
		{552B2876-037A-4A14-8E5B-D73907DF5322}.Release|Direct3D_64.Build.0 = Release|x64
		{552B2876-037A-4A14-8E5B-D73907DF5322}.Release|OpenGL_32.ActiveCfg = Release|Win32
		{552B2876-037A-4A14-8E5B-D73907DF5322}.Release|OpenGL_32.Build.0 = Release|Win32
		{136761E4-C684-4AFF-BF27-E946FCF006A1}.Debug|Direct3D_64.ActiveCfg = Debug|x64
		{136761E4-C684-4AFF-BF27-E946FCF006A1}.Debug|Direct3D_64.Build.0 = Debug|x64
		{136761E4-C684-4AFF-BF27-E946FCF006A1}.Debug|OpenGL_32.ActiveCfg = Debug|Win32
		{136761E4-C684-4AFF-BF27-E946FCF006A1}.Debug|OpenGL_32.Build.0 = Debug|Win32
		{136761E4-C684-4AFF-BF27-E946FCF006A1}.Release|Direct3D_64.ActiveCfg = Release|x64
		{136761E4-C684-4AFF-BF27-E946FCF006A1}.Release|Direct3D_64.Build.0 = Release|x64
		{136761E4-C684-4AFF-BF27-E946FCF006A1}.Release|OpenGL_32.ActiveCfg = Release|Win32
		{136761E4-C684-4AFF-BF27-E946FCF006A1}.Release|OpenGL_32.Build.0 = Release|Win32
		{920AF896-EACE-47A6-A501-CD63D95B92C1}.Debug|Direct3D_64.ActiveCfg = Debug|x64
		{920AF896-EACE-47A6-A501-CD63D95B92C1}.Debug|Direct3D_64.Build.0 = Debug|x64
		{920AF896-EACE-47A6-A501-CD63D95B92C1}.Debug|OpenGL_32.ActiveCfg = Debug|Win32
		{920AF896-EACE-47A6-A501-CD63D95B92C1}.Debug|OpenGL_32.Build.0 = Debug|Win32
		{920AF896-EACE-47A6-A501-CD63D95B92C1}.Release|Direct3D_64.ActiveCfg = Release|x64
		{920AF896-EACE-47A6-A501-CD63D95B92C1}.Release|Direct3D_64.Build.0 = Release|x64
		{920AF896-EACE-47A6-A501-CD63D95B92C1}.Release|OpenGL_32.ActiveCfg = Release|Win32
		{920AF896-EACE-47A6-A501-CD63D95B92C1}.Release|OpenGL_32.Build.0 = Release|Win32
		{4228BC52-904F-4BA2-B78E-7BCB85068A82}.Debug|Direct3D_64.ActiveCfg = Debug|x64
		{4228BC52-904F-4BA2-B78E-7BCB85068A82}.Debug|OpenGL_32.ActiveCfg = Debug|Win32
		{4228BC52-904F-4BA2-B78E-7BCB85068A82}.Debug|OpenGL_32.Build.0 = Debug|Win32
		{4228BC52-904F-4BA2-B78E-7BCB85068A82}.Release|Direct3D_64.ActiveCfg = Release|x64
		{4228BC52-904F-4BA2-B78E-7BCB85068A82}.Release|OpenGL_32.ActiveCfg = Release|Win32
		{4228BC52-904F-4BA2-B78E-7BCB85068A82}.Release|OpenGL_32.Build.0 = Release|Win32
		{EC809270-CE46-4204-A0F7-F88A6A4732E9}.Debug|Direct3D_64.ActiveCfg = Debug|x64
		{EC809270-CE46-4204-A0F7-F88A6A4732E9}.Debug|Direct3D_64.Build.0 = Debug|x64
		{EC809270-CE46-4204-A0F7-F88A6A4732E9}.Debug|OpenGL_32.ActiveCfg = Debug|Win32
		{EC809270-CE46-4204-A0F7-F88A6A4732E9}.Debug|OpenGL_32.Build.0 = Debug|Win32
		{EC809270-CE46-4204-A0F7-F88A6A4732E9}.Release|Direct3D_64.ActiveCfg = Release|x64
		{EC809270-CE46-4204-A0F7-F88A6A4732E9}.Release|Direct3D_64.Build.0 = Release|x64
		{EC809270-CE46-4204-A0F7-F88A6A4732E9}.Release|OpenGL_32.ActiveCfg = Release|Win32
		{EC809270-CE46-4204-A0F7-F88A6A4732E9}.Release|OpenGL_32.Build.0 = Release|Win32
		{1E6B539B-A36E-4012-ABFA-EB4A59D7B71F}.Debug|Direct3D_64.ActiveCfg = Debug|x64
		{1E6B539B-A36E-4012-ABFA-EB4A59D7B71F}.Debug|Direct3D_64.Build.0 = Debug|x64
		{1E6B539B-A36E-4012-ABFA-EB4A59D7B71F}.Debug|OpenGL_32.ActiveCfg = Debug|Win32
		{1E6B539B-A36E-4012-ABFA-EB4A59D7B71F}.Debug|OpenGL_32.Build.0 = Debug|Win32
		{1E6B539B-A36E-4012-ABFA-EB4A59D7B71F}.Release|Direct3D_64.ActiveCfg = Release|x64
		{1E6B539B-A36E-4012-ABFA-EB4A59D7B71F}.Release|Direct3D_64.Build.0 = Release|x64
		{1E6B539B-A36E-4012-ABFA-EB4A59D7B71F}.Release|OpenGL_32.ActiveCfg = Release|Win32
		{1E6B539B-A36E-4012-ABFA-EB4A59D7B71F}.Release|OpenGL_32.Build.0 = Release|Win32
		{70B81970-5665-4429-B2B2-7F6FCED5AB84}.Debug|Direct3D_64.ActiveCfg = Debug|x64
		{70B81970-5665-4429-B2B2-7F6FCED5AB84}.Debug|OpenGL_32.ActiveCfg = Debug|x64
		{70B81970-5665-4429-B2B2-7F6FCED5AB84}.Debug|OpenGL_32.Build.0 = Debug|x64
		{70B81970-5665-4429-B2B2-7F6FCED5AB84}.Release|Direct3D_64.ActiveCfg = Release|x64
		{70B81970-5665-4429-B2B2-7F6FCED5AB84}.Release|Direct3D_64.Build.0 = Release|x64
		{70B81970-5665-4429-B2B2-7F6FCED5AB84}.Release|OpenGL_32.ActiveCfg = Release|x64
		{70B81970-5665-4429-B2B2-7F6FCED5AB84}.Release|OpenGL_32.Build.0 = Release|x64
		{D698729B-793C-418A-BA25-BE6AD0D4264B}.Debug|Direct3D_64.ActiveCfg = Debug|x64
		{D698729B-793C-418A-BA25-BE6AD0D4264B}.Debug|Direct3D_64.Build.0 = Debug|x64
		{D698729B-793C-418A-BA25-BE6AD0D4264B}.Debug|OpenGL_32.ActiveCfg = Debug|Win32
		{D698729B-793C-418A-BA25-BE6AD0D4264B}.Debug|OpenGL_32.Build.0 = Debug|Win32
		{D698729B-793C-418A-BA25-BE6AD0D4264B}.Release|Direct3D_64.ActiveCfg = Release|x64
		{D698729B-793C-418A-BA25-BE6AD0D4264B}.Release|Direct3D_64.Build.0 = Release|x64
		{D698729B-793C-418A-BA25-BE6AD0D4264B}.Release|OpenGL_32.ActiveCfg = Release|Win32
		{D698729B-793C-418A-BA25-BE6AD0D4264B}.Release|OpenGL_32.Build.0 = Release|Win32
		{DE18299E-57DD-420A-9219-31BCCE5A5BC0}.Debug|Direct3D_64.ActiveCfg = Debug|x64
		{DE18299E-57DD-420A-9219-31BCCE5A5BC0}.Debug|Direct3D_64.Build.0 = Debug|x64
		{DE18299E-57DD-420A-9219-31BCCE5A5BC0}.Debug|OpenGL_32.ActiveCfg = Debug|Win32
		{DE18299E-57DD-420A-9219-31BCCE5A5BC0}.Debug|OpenGL_32.Build.0 = Debug|Win32
		{DE18299E-57DD-420A-9219-31BCCE5A5BC0}.Release|Direct3D_64.ActiveCfg = Release|x64
		{DE18299E-57DD-420A-9219-31BCCE5A5BC0}.Release|Direct3D_64.Build.0 = Release|x64
		{DE18299E-57DD-420A-9219-31BCCE5A5BC0}.Release|OpenGL_32.ActiveCfg = Release|Win32
		{DE18299E-57DD-420A-9219-31BCCE5A5BC0}.Release|OpenGL_32.Build.0 = Release|Win32
	EndGlobalSection
	GlobalSection(SolutionProperties) = preSolution
		HideSolutionNode = FALSE
	EndGlobalSection
	GlobalSection(NestedProjects) = preSolution
		{3670C64E-AAA0-4056-BF89-744D0276F609} = {655724DB-F827-43EB-B80C-F196780F0ABB}
		{ABF804FE-993A-43E2-A242-F3090A290B12} = {FB8F73B2-635F-43A6-8170-DB5F06B3C6DF}
		{3A6E300E-0AE7-44E3-A687-F815F75476EE} = {2B90848D-8010-4516-8CB3-08E8C97CB6F5}
		{8BFEBAB8-15F8-46A3-BA98-0398938AC1FD} = {2B90848D-8010-4516-8CB3-08E8C97CB6F5}
		{B6BC0082-C4EF-4B54-9247-6C5FF414FF2A} = {144754F2-4C67-4EE4-8770-DCFF32EB87DA}
		{4E8A9907-5BC0-415F-8C36-C8DC9026CD83} = {2B90848D-8010-4516-8CB3-08E8C97CB6F5}
		{433FF686-9527-4C97-8EF4-060152A428B5} = {655724DB-F827-43EB-B80C-F196780F0ABB}
		{45CDCFF0-7F57-457F-9706-C3C15E7EA597} = {144754F2-4C67-4EE4-8770-DCFF32EB87DA}
		{393119AF-5F33-4130-9BE8-8A59EEBED07E} = {144754F2-4C67-4EE4-8770-DCFF32EB87DA}
		{9653A255-0309-403F-9193-DE569343011F} = {144754F2-4C67-4EE4-8770-DCFF32EB87DA}
		{5F8004A7-75AD-49AC-85C7-96D9B9F19533} = {FB8F73B2-635F-43A6-8170-DB5F06B3C6DF}
		{C9BDAC7C-C59A-4367-A21D-0FEDABB93012} = {FB8F73B2-635F-43A6-8170-DB5F06B3C6DF}
		{DFF62A9D-8804-4335-B623-C40E05CB345A} = {FB8F73B2-635F-43A6-8170-DB5F06B3C6DF}
		{06F00F02-D352-44A1-B42B-B5C2CEB2567A} = {2B90848D-8010-4516-8CB3-08E8C97CB6F5}
		{552B2876-037A-4A14-8E5B-D73907DF5322} = {2B90848D-8010-4516-8CB3-08E8C97CB6F5}
		{136761E4-C684-4AFF-BF27-E946FCF006A1} = {2B90848D-8010-4516-8CB3-08E8C97CB6F5}
		{920AF896-EACE-47A6-A501-CD63D95B92C1} = {FB8F73B2-635F-43A6-8170-DB5F06B3C6DF}
		{4228BC52-904F-4BA2-B78E-7BCB85068A82} = {144754F2-4C67-4EE4-8770-DCFF32EB87DA}
		{EC809270-CE46-4204-A0F7-F88A6A4732E9} = {FB8F73B2-635F-43A6-8170-DB5F06B3C6DF}
		{1E6B539B-A36E-4012-ABFA-EB4A59D7B71F} = {FB8F73B2-635F-43A6-8170-DB5F06B3C6DF}
		{70B81970-5665-4429-B2B2-7F6FCED5AB84} = {FB8F73B2-635F-43A6-8170-DB5F06B3C6DF}
		{D698729B-793C-418A-BA25-BE6AD0D4264B} = {FB8F73B2-635F-43A6-8170-DB5F06B3C6DF}
		{DE18299E-57DD-420A-9219-31BCCE5A5BC0} = {FB8F73B2-635F-43A6-8170-DB5F06B3C6DF}
	EndGlobalSection
EndGlobal
